{
  "nodes": {
    "darwin": {
      "inputs": {
        "nixpkgs": [
          "nixpkgs"
        ]
      },
      "locked": {
        "lastModified": 1675765320,
        "narHash": "sha256-NpJ3riwd6errvH+MYWZ51rEJRKLG833FkvJNy2MYWIg=",
        "owner": "nouun",
        "repo": "nix-darwin",
        "rev": "b24f193ba0709ee64e2b62eb10e82e1a1b1772f5",
        "type": "github"
      },
      "original": {
        "owner": "nouun",
        "ref": "launchpad-options",
        "repo": "nix-darwin",
        "type": "github"
      }
    },
    "home-manager": {
      "inputs": {
        "nixpkgs": [
          "nixpkgs"
        ],
        "utils": "utils"
      },
      "locked": {
        "lastModified": 1675303228,
        "narHash": "sha256-dHJbFg7gTuTyEUdJoNDp6l2bac6HXAT/bz9cVEqL+Uw=",
        "owner": "nix-community",
        "repo": "home-manager",
        "rev": "4a958524903e6019f5f69a23e0c0f16e5af01eb0",
        "type": "github"
      },
      "original": {
        "owner": "nix-community",
        "repo": "home-manager",
        "type": "github"
      }
    },
    "nixos-apple-silicon": {
      "inputs": {
        "nixpkgs": [
          "nixpkgs"
        ],
        "rust-overlay": "rust-overlay"
      },
      "locked": {
        "lastModified": 1675215747,
        "narHash": "sha256-O7vwx67l2PNnkNpPXnp7D0oBW+OfFetxdrlwUtaweY4=",
        "owner": "tpwrules",
        "repo": "nixos-apple-silicon",
        "rev": "0086dd0e401f9dde826e6c170d312a87564aa6a4",
        "type": "github"
      },
      "original": {
        "owner": "tpwrules",
        "ref": "main",
        "repo": "nixos-apple-silicon",
        "type": "github"
      }
    },
    "nixpkgs": {
      "locked": {
        "lastModified": 1675249806,
        "narHash": "sha256-u8Rcqekusl3pMZm68hZqr6zozI8Ug5IxqOiqDLAlu1k=",
        "owner": "nixos",
        "repo": "nixpkgs",
        "rev": "79feedf38536de2a27d13fe2eaf200a9c05193ba",
        "type": "github"
      },
      "original": {
        "owner": "nixos",
        "ref": "nixpkgs-unstable",
        "repo": "nixpkgs",
        "type": "github"
      }
    },
    "root": {
      "inputs": {
        "darwin": "darwin",
        "home-manager": "home-manager",
        "nixos-apple-silicon": "nixos-apple-silicon",
        "nixpkgs": "nixpkgs"
      }
    },
    "rust-overlay": {
      "flake": false,
      "locked": {
        "lastModified": 1675132198,
        "narHash": "sha256-izOVjdIfdv0OzcfO9rXX0lfGkQn4tdJ0eNm3P3LYo/o=",
        "owner": "oxalica",
        "repo": "rust-overlay",
        "rev": "48b1403150c3f5a9aeee8bc4c77c8926f29c6501",
        "type": "github"
      },
      "original": {
        "owner": "oxalica",
        "repo": "rust-overlay",
        "type": "github"
      }
    },
    "utils": {
      "locked": {
        "lastModified": 1667395993,
        "narHash": "sha256-nuEHfE/LcWyuSWnS8t12N1wc105Qtau+/OdUAjtQ0rA=",
        "owner": "numtide",
        "repo": "flake-utils",
        "rev": "5aed5285a952e0b949eb3ba02c12fa4fcfef535f",
        "type": "github"
      },
      "original": {
        "owner": "numtide",
        "repo": "flake-utils",
        "type": "github"
      }
    }
  },
  "root": "root",
  "version": 7
}
